
Microsoft Visual Studio Solution File, Format Version 12.00
# Visual Studio 15
VisualStudioVersion = 15.0.26730.12
MinimumVisualStudioVersion = 10.0.40219.1
Project("{FAE04EC0-301F-11D3-BF4B-00C04F79EFBC}") = "practica.Android", "practica\practica.Android\practica.Android.csproj", "{54CDA31E-3FF7-4732-B3DF-0FECF9D7089C}"
EndProject
Project("{FAE04EC0-301F-11D3-BF4B-00C04F79EFBC}") = "practica", "practica\practica\practica.csproj", "{DD2723E0-63B6-49E7-8B42-3D7C9881AA16}"
EndProject
Project("{FAE04EC0-301F-11D3-BF4B-00C04F79EFBC}") = "practica.UWP", "practica\practica.UWP\practica.UWP.csproj", "{213D44D1-ED64-47D2-9601-9BFB9F4196B2}"
EndProject
Project("{FAE04EC0-301F-11D3-BF4B-00C04F79EFBC}") = "practica.iOS", "practica\practica.iOS\practica.iOS.csproj", "{28D6B596-E7BA-412E-9F53-57616CEEDE2E}"
EndProject
Global
	GlobalSection(SolutionConfigurationPlatforms) = preSolution
		Ad-Hoc|Any CPU = Ad-Hoc|Any CPU
		Ad-Hoc|ARM = Ad-Hoc|ARM
		Ad-Hoc|iPhone = Ad-Hoc|iPhone
		Ad-Hoc|iPhoneSimulator = Ad-Hoc|iPhoneSimulator
		Ad-Hoc|x64 = Ad-Hoc|x64
		Ad-Hoc|x86 = Ad-Hoc|x86
		AppStore|Any CPU = AppStore|Any CPU
		AppStore|ARM = AppStore|ARM
		AppStore|iPhone = AppStore|iPhone
		AppStore|iPhoneSimulator = AppStore|iPhoneSimulator
		AppStore|x64 = AppStore|x64
		AppStore|x86 = AppStore|x86
		Debug|Any CPU = Debug|Any CPU
		Debug|ARM = Debug|ARM
		Debug|iPhone = Debug|iPhone
		Debug|iPhoneSimulator = Debug|iPhoneSimulator
		Debug|x64 = Debug|x64
		Debug|x86 = Debug|x86
		Release|Any CPU = Release|Any CPU
		Release|ARM = Release|ARM
		Release|iPhone = Release|iPhone
		Release|iPhoneSimulator = Release|iPhoneSimulator
		Release|x64 = Release|x64
		Release|x86 = Release|x86
	EndGlobalSection
	GlobalSection(ProjectConfigurationPlatforms) = postSolution
		{54CDA31E-3FF7-4732-B3DF-0FECF9D7089C}.Ad-Hoc|Any CPU.ActiveCfg = Release|Any CPU
		{54CDA31E-3FF7-4732-B3DF-0FECF9D7089C}.Ad-Hoc|Any CPU.Build.0 = Release|Any CPU
		{54CDA31E-3FF7-4732-B3DF-0FECF9D7089C}.Ad-Hoc|Any CPU.Deploy.0 = Release|Any CPU
		{54CDA31E-3FF7-4732-B3DF-0FECF9D7089C}.Ad-Hoc|ARM.ActiveCfg = Release|Any CPU
		{54CDA31E-3FF7-4732-B3DF-0FECF9D7089C}.Ad-Hoc|ARM.Build.0 = Release|Any CPU
		{54CDA31E-3FF7-4732-B3DF-0FECF9D7089C}.Ad-Hoc|ARM.Deploy.0 = Release|Any CPU
		{54CDA31E-3FF7-4732-B3DF-0FECF9D7089C}.Ad-Hoc|iPhone.ActiveCfg = Release|Any CPU
		{54CDA31E-3FF7-4732-B3DF-0FECF9D7089C}.Ad-Hoc|iPhone.Build.0 = Release|Any CPU
		{54CDA31E-3FF7-4732-B3DF-0FECF9D7089C}.Ad-Hoc|iPhone.Deploy.0 = Release|Any CPU
		{54CDA31E-3FF7-4732-B3DF-0FECF9D7089C}.Ad-Hoc|iPhoneSimulator.ActiveCfg = Release|Any CPU
		{54CDA31E-3FF7-4732-B3DF-0FECF9D7089C}.Ad-Hoc|iPhoneSimulator.Build.0 = Release|Any CPU
		{54CDA31E-3FF7-4732-B3DF-0FECF9D7089C}.Ad-Hoc|iPhoneSimulator.Deploy.0 = Release|Any CPU
		{54CDA31E-3FF7-4732-B3DF-0FECF9D7089C}.Ad-Hoc|x64.ActiveCfg = Release|Any CPU
		{54CDA31E-3FF7-4732-B3DF-0FECF9D7089C}.Ad-Hoc|x64.Build.0 = Release|Any CPU
		{54CDA31E-3FF7-4732-B3DF-0FECF9D7089C}.Ad-Hoc|x64.Deploy.0 = Release|Any CPU
		{54CDA31E-3FF7-4732-B3DF-0FECF9D7089C}.Ad-Hoc|x86.ActiveCfg = Release|Any CPU
		{54CDA31E-3FF7-4732-B3DF-0FECF9D7089C}.Ad-Hoc|x86.Build.0 = Release|Any CPU
		{54CDA31E-3FF7-4732-B3DF-0FECF9D7089C}.Ad-Hoc|x86.Deploy.0 = Release|Any CPU
		{54CDA31E-3FF7-4732-B3DF-0FECF9D7089C}.AppStore|Any CPU.ActiveCfg = Release|Any CPU
		{54CDA31E-3FF7-4732-B3DF-0FECF9D7089C}.AppStore|Any CPU.Build.0 = Release|Any CPU
		{54CDA31E-3FF7-4732-B3DF-0FECF9D7089C}.AppStore|Any CPU.Deploy.0 = Release|Any CPU
		{54CDA31E-3FF7-4732-B3DF-0FECF9D7089C}.AppStore|ARM.ActiveCfg = Release|Any CPU
		{54CDA31E-3FF7-4732-B3DF-0FECF9D7089C}.AppStore|ARM.Build.0 = Release|Any CPU
		{54CDA31E-3FF7-4732-B3DF-0FECF9D7089C}.AppStore|ARM.Deploy.0 = Release|Any CPU
		{54CDA31E-3FF7-4732-B3DF-0FECF9D7089C}.AppStore|iPhone.ActiveCfg = Release|Any CPU
		{54CDA31E-3FF7-4732-B3DF-0FECF9D7089C}.AppStore|iPhone.Build.0 = Release|Any CPU
		{54CDA31E-3FF7-4732-B3DF-0FECF9D7089C}.AppStore|iPhone.Deploy.0 = Release|Any CPU
		{54CDA31E-3FF7-4732-B3DF-0FECF9D7089C}.AppStore|iPhoneSimulator.ActiveCfg = Release|Any CPU
		{54CDA31E-3FF7-4732-B3DF-0FECF9D7089C}.AppStore|iPhoneSimulator.Build.0 = Release|Any CPU
		{54CDA31E-3FF7-4732-B3DF-0FECF9D7089C}.AppStore|iPhoneSimulator.Deploy.0 = Release|Any CPU
		{54CDA31E-3FF7-4732-B3DF-0FECF9D7089C}.AppStore|x64.ActiveCfg = Release|Any CPU
		{54CDA31E-3FF7-4732-B3DF-0FECF9D7089C}.AppStore|x64.Build.0 = Release|Any CPU
		{54CDA31E-3FF7-4732-B3DF-0FECF9D7089C}.AppStore|x64.Deploy.0 = Release|Any CPU
		{54CDA31E-3FF7-4732-B3DF-0FECF9D7089C}.AppStore|x86.ActiveCfg = Release|Any CPU
		{54CDA31E-3FF7-4732-B3DF-0FECF9D7089C}.AppStore|x86.Build.0 = Release|Any CPU
		{54CDA31E-3FF7-4732-B3DF-0FECF9D7089C}.AppStore|x86.Deploy.0 = Release|Any CPU
		{54CDA31E-3FF7-4732-B3DF-0FECF9D7089C}.Debug|Any CPU.ActiveCfg = Debug|Any CPU
		{54CDA31E-3FF7-4732-B3DF-0FECF9D7089C}.Debug|Any CPU.Build.0 = Debug|Any CPU
		{54CDA31E-3FF7-4732-B3DF-0FECF9D7089C}.Debug|Any CPU.Deploy.0 = Debug|Any CPU
		{54CDA31E-3FF7-4732-B3DF-0FECF9D7089C}.Debug|ARM.ActiveCfg = Debug|Any CPU
		{54CDA31E-3FF7-4732-B3DF-0FECF9D7089C}.Debug|ARM.Build.0 = Debug|Any CPU
		{54CDA31E-3FF7-4732-B3DF-0FECF9D7089C}.Debug|ARM.Deploy.0 = Debug|Any CPU
		{54CDA31E-3FF7-4732-B3DF-0FECF9D7089C}.Debug|iPhone.ActiveCfg = Debug|Any CPU
		{54CDA31E-3FF7-4732-B3DF-0FECF9D7089C}.Debug|iPhone.Build.0 = Debug|Any CPU
		{54CDA31E-3FF7-4732-B3DF-0FECF9D7089C}.Debug|iPhone.Deploy.0 = Debug|Any CPU
		{54CDA31E-3FF7-4732-B3DF-0FECF9D7089C}.Debug|iPhoneSimulator.ActiveCfg = Debug|Any CPU
		{54CDA31E-3FF7-4732-B3DF-0FECF9D7089C}.Debug|iPhoneSimulator.Build.0 = Debug|Any CPU
		{54CDA31E-3FF7-4732-B3DF-0FECF9D7089C}.Debug|iPhoneSimulator.Deploy.0 = Debug|Any CPU
		{54CDA31E-3FF7-4732-B3DF-0FECF9D7089C}.Debug|x64.ActiveCfg = Debug|Any CPU
		{54CDA31E-3FF7-4732-B3DF-0FECF9D7089C}.Debug|x64.Build.0 = Debug|Any CPU
		{54CDA31E-3FF7-4732-B3DF-0FECF9D7089C}.Debug|x64.Deploy.0 = Debug|Any CPU
		{54CDA31E-3FF7-4732-B3DF-0FECF9D7089C}.Debug|x86.ActiveCfg = Debug|Any CPU
		{54CDA31E-3FF7-4732-B3DF-0FECF9D7089C}.Debug|x86.Build.0 = Debug|Any CPU
		{54CDA31E-3FF7-4732-B3DF-0FECF9D7089C}.Debug|x86.Deploy.0 = Debug|Any CPU
		{54CDA31E-3FF7-4732-B3DF-0FECF9D7089C}.Release|Any CPU.ActiveCfg = Release|Any CPU
		{54CDA31E-3FF7-4732-B3DF-0FECF9D7089C}.Release|Any CPU.Build.0 = Release|Any CPU
		{54CDA31E-3FF7-4732-B3DF-0FECF9D7089C}.Release|Any CPU.Deploy.0 = Release|Any CPU
		{54CDA31E-3FF7-4732-B3DF-0FECF9D7089C}.Release|ARM.ActiveCfg = Release|Any CPU
		{54CDA31E-3FF7-4732-B3DF-0FECF9D7089C}.Release|ARM.Build.0 = Release|Any CPU
		{54CDA31E-3FF7-4732-B3DF-0FECF9D7089C}.Release|ARM.Deploy.0 = Release|Any CPU
		{54CDA31E-3FF7-4732-B3DF-0FECF9D7089C}.Release|iPhone.ActiveCfg = Release|Any CPU
		{54CDA31E-3FF7-4732-B3DF-0FECF9D7089C}.Release|iPhone.Build.0 = Release|Any CPU
		{54CDA31E-3FF7-4732-B3DF-0FECF9D7089C}.Release|iPhone.Deploy.0 = Release|Any CPU
		{54CDA31E-3FF7-4732-B3DF-0FECF9D7089C}.Release|iPhoneSimulator.ActiveCfg = Release|Any CPU
		{54CDA31E-3FF7-4732-B3DF-0FECF9D7089C}.Release|iPhoneSimulator.Build.0 = Release|Any CPU
		{54CDA31E-3FF7-4732-B3DF-0FECF9D7089C}.Release|iPhoneSimulator.Deploy.0 = Release|Any CPU
		{54CDA31E-3FF7-4732-B3DF-0FECF9D7089C}.Release|x64.ActiveCfg = Release|Any CPU
		{54CDA31E-3FF7-4732-B3DF-0FECF9D7089C}.Release|x64.Build.0 = Release|Any CPU
		{54CDA31E-3FF7-4732-B3DF-0FECF9D7089C}.Release|x64.Deploy.0 = Release|Any CPU
		{54CDA31E-3FF7-4732-B3DF-0FECF9D7089C}.Release|x86.ActiveCfg = Release|Any CPU
		{54CDA31E-3FF7-4732-B3DF-0FECF9D7089C}.Release|x86.Build.0 = Release|Any CPU
		{54CDA31E-3FF7-4732-B3DF-0FECF9D7089C}.Release|x86.Deploy.0 = Release|Any CPU
		{DD2723E0-63B6-49E7-8B42-3D7C9881AA16}.Ad-Hoc|Any CPU.ActiveCfg = Release|Any CPU
		{DD2723E0-63B6-49E7-8B42-3D7C9881AA16}.Ad-Hoc|Any CPU.Build.0 = Release|Any CPU
		{DD2723E0-63B6-49E7-8B42-3D7C9881AA16}.Ad-Hoc|ARM.ActiveCfg = Release|Any CPU
		{DD2723E0-63B6-49E7-8B42-3D7C9881AA16}.Ad-Hoc|ARM.Build.0 = Release|Any CPU
		{DD2723E0-63B6-49E7-8B42-3D7C9881AA16}.Ad-Hoc|iPhone.ActiveCfg = Release|Any CPU
		{DD2723E0-63B6-49E7-8B42-3D7C9881AA16}.Ad-Hoc|iPhone.Build.0 = Release|Any CPU
		{DD2723E0-63B6-49E7-8B42-3D7C9881AA16}.Ad-Hoc|iPhoneSimulator.ActiveCfg = Release|Any CPU
		{DD2723E0-63B6-49E7-8B42-3D7C9881AA16}.Ad-Hoc|iPhoneSimulator.Build.0 = Release|Any CPU
		{DD2723E0-63B6-49E7-8B42-3D7C9881AA16}.Ad-Hoc|x64.ActiveCfg = Release|Any CPU
		{DD2723E0-63B6-49E7-8B42-3D7C9881AA16}.Ad-Hoc|x64.Build.0 = Release|Any CPU
		{DD2723E0-63B6-49E7-8B42-3D7C9881AA16}.Ad-Hoc|x86.ActiveCfg = Release|Any CPU
		{DD2723E0-63B6-49E7-8B42-3D7C9881AA16}.Ad-Hoc|x86.Build.0 = Release|Any CPU
		{DD2723E0-63B6-49E7-8B42-3D7C9881AA16}.AppStore|Any CPU.ActiveCfg = Release|Any CPU
		{DD2723E0-63B6-49E7-8B42-3D7C9881AA16}.AppStore|Any CPU.Build.0 = Release|Any CPU
		{DD2723E0-63B6-49E7-8B42-3D7C9881AA16}.AppStore|ARM.ActiveCfg = Release|Any CPU
		{DD2723E0-63B6-49E7-8B42-3D7C9881AA16}.AppStore|ARM.Build.0 = Release|Any CPU
		{DD2723E0-63B6-49E7-8B42-3D7C9881AA16}.AppStore|iPhone.ActiveCfg = Release|Any CPU
		{DD2723E0-63B6-49E7-8B42-3D7C9881AA16}.AppStore|iPhone.Build.0 = Release|Any CPU
		{DD2723E0-63B6-49E7-8B42-3D7C9881AA16}.AppStore|iPhoneSimulator.ActiveCfg = Release|Any CPU
		{DD2723E0-63B6-49E7-8B42-3D7C9881AA16}.AppStore|iPhoneSimulator.Build.0 = Release|Any CPU
		{DD2723E0-63B6-49E7-8B42-3D7C9881AA16}.AppStore|x64.ActiveCfg = Release|Any CPU
		{DD2723E0-63B6-49E7-8B42-3D7C9881AA16}.AppStore|x64.Build.0 = Release|Any CPU
		{DD2723E0-63B6-49E7-8B42-3D7C9881AA16}.AppStore|x86.ActiveCfg = Release|Any CPU
		{DD2723E0-63B6-49E7-8B42-3D7C9881AA16}.AppStore|x86.Build.0 = Release|Any CPU
		{DD2723E0-63B6-49E7-8B42-3D7C9881AA16}.Debug|Any CPU.ActiveCfg = Debug|Any CPU
		{DD2723E0-63B6-49E7-8B42-3D7C9881AA16}.Debug|Any CPU.Build.0 = Debug|Any CPU
		{DD2723E0-63B6-49E7-8B42-3D7C9881AA16}.Debug|ARM.ActiveCfg = Debug|Any CPU
		{DD2723E0-63B6-49E7-8B42-3D7C9881AA16}.Debug|ARM.Build.0 = Debug|Any CPU
		{DD2723E0-63B6-49E7-8B42-3D7C9881AA16}.Debug|iPhone.ActiveCfg = Debug|Any CPU
		{DD2723E0-63B6-49E7-8B42-3D7C9881AA16}.Debug|iPhone.Build.0 = Debug|Any CPU
		{DD2723E0-63B6-49E7-8B42-3D7C9881AA16}.Debug|iPhoneSimulator.ActiveCfg = Debug|Any CPU
		{DD2723E0-63B6-49E7-8B42-3D7C9881AA16}.Debug|iPhoneSimulator.Build.0 = Debug|Any CPU
		{DD2723E0-63B6-49E7-8B42-3D7C9881AA16}.Debug|x64.ActiveCfg = Debug|Any CPU
		{DD2723E0-63B6-49E7-8B42-3D7C9881AA16}.Debug|x64.Build.0 = Debug|Any CPU
		{DD2723E0-63B6-49E7-8B42-3D7C9881AA16}.Debug|x86.ActiveCfg = Debug|Any CPU
		{DD2723E0-63B6-49E7-8B42-3D7C9881AA16}.Debug|x86.Build.0 = Debug|Any CPU
		{DD2723E0-63B6-49E7-8B42-3D7C9881AA16}.Release|Any CPU.ActiveCfg = Release|Any CPU
		{DD2723E0-63B6-49E7-8B42-3D7C9881AA16}.Release|Any CPU.Build.0 = Release|Any CPU
		{DD2723E0-63B6-49E7-8B42-3D7C9881AA16}.Release|ARM.ActiveCfg = Release|Any CPU
		{DD2723E0-63B6-49E7-8B42-3D7C9881AA16}.Release|ARM.Build.0 = Release|Any CPU
		{DD2723E0-63B6-49E7-8B42-3D7C9881AA16}.Release|iPhone.ActiveCfg = Release|Any CPU
		{DD2723E0-63B6-49E7-8B42-3D7C9881AA16}.Release|iPhone.Build.0 = Release|Any CPU
		{DD2723E0-63B6-49E7-8B42-3D7C9881AA16}.Release|iPhoneSimulator.ActiveCfg = Release|Any CPU
		{DD2723E0-63B6-49E7-8B42-3D7C9881AA16}.Release|iPhoneSimulator.Build.0 = Release|Any CPU
		{DD2723E0-63B6-49E7-8B42-3D7C9881AA16}.Release|x64.ActiveCfg = Release|Any CPU
		{DD2723E0-63B6-49E7-8B42-3D7C9881AA16}.Release|x64.Build.0 = Release|Any CPU
		{DD2723E0-63B6-49E7-8B42-3D7C9881AA16}.Release|x86.ActiveCfg = Release|Any CPU
		{DD2723E0-63B6-49E7-8B42-3D7C9881AA16}.Release|x86.Build.0 = Release|Any CPU
		{213D44D1-ED64-47D2-9601-9BFB9F4196B2}.Ad-Hoc|Any CPU.ActiveCfg = Release|x86
		{213D44D1-ED64-47D2-9601-9BFB9F4196B2}.Ad-Hoc|Any CPU.Build.0 = Release|x86
		{213D44D1-ED64-47D2-9601-9BFB9F4196B2}.Ad-Hoc|Any CPU.Deploy.0 = Release|x86
		{213D44D1-ED64-47D2-9601-9BFB9F4196B2}.Ad-Hoc|ARM.ActiveCfg = Release|ARM
		{213D44D1-ED64-47D2-9601-9BFB9F4196B2}.Ad-Hoc|ARM.Build.0 = Release|ARM
		{213D44D1-ED64-47D2-9601-9BFB9F4196B2}.Ad-Hoc|ARM.Deploy.0 = Release|ARM
		{213D44D1-ED64-47D2-9601-9BFB9F4196B2}.Ad-Hoc|iPhone.ActiveCfg = Release|x86
		{213D44D1-ED64-47D2-9601-9BFB9F4196B2}.Ad-Hoc|iPhone.Build.0 = Release|x86
		{213D44D1-ED64-47D2-9601-9BFB9F4196B2}.Ad-Hoc|iPhone.Deploy.0 = Release|x86
		{213D44D1-ED64-47D2-9601-9BFB9F4196B2}.Ad-Hoc|iPhoneSimulator.ActiveCfg = Release|x86
		{213D44D1-ED64-47D2-9601-9BFB9F4196B2}.Ad-Hoc|iPhoneSimulator.Build.0 = Release|x86
		{213D44D1-ED64-47D2-9601-9BFB9F4196B2}.Ad-Hoc|iPhoneSimulator.Deploy.0 = Release|x86
		{213D44D1-ED64-47D2-9601-9BFB9F4196B2}.Ad-Hoc|x64.ActiveCfg = Release|x64
		{213D44D1-ED64-47D2-9601-9BFB9F4196B2}.Ad-Hoc|x64.Build.0 = Release|x64
		{213D44D1-ED64-47D2-9601-9BFB9F4196B2}.Ad-Hoc|x64.Deploy.0 = Release|x64
		{213D44D1-ED64-47D2-9601-9BFB9F4196B2}.Ad-Hoc|x86.ActiveCfg = Release|x86
		{213D44D1-ED64-47D2-9601-9BFB9F4196B2}.Ad-Hoc|x86.Build.0 = Release|x86
		{213D44D1-ED64-47D2-9601-9BFB9F4196B2}.Ad-Hoc|x86.Deploy.0 = Release|x86
		{213D44D1-ED64-47D2-9601-9BFB9F4196B2}.AppStore|Any CPU.ActiveCfg = Release|x86
		{213D44D1-ED64-47D2-9601-9BFB9F4196B2}.AppStore|Any CPU.Build.0 = Release|x86
		{213D44D1-ED64-47D2-9601-9BFB9F4196B2}.AppStore|Any CPU.Deploy.0 = Release|x86
		{213D44D1-ED64-47D2-9601-9BFB9F4196B2}.AppStore|ARM.ActiveCfg = Release|ARM
		{213D44D1-ED64-47D2-9601-9BFB9F4196B2}.AppStore|ARM.Build.0 = Release|ARM
		{213D44D1-ED64-47D2-9601-9BFB9F4196B2}.AppStore|ARM.Deploy.0 = Release|ARM
		{213D44D1-ED64-47D2-9601-9BFB9F4196B2}.AppStore|iPhone.ActiveCfg = Release|x86
		{213D44D1-ED64-47D2-9601-9BFB9F4196B2}.AppStore|iPhone.Build.0 = Release|x86
		{213D44D1-ED64-47D2-9601-9BFB9F4196B2}.AppStore|iPhone.Deploy.0 = Release|x86
		{213D44D1-ED64-47D2-9601-9BFB9F4196B2}.AppStore|iPhoneSimulator.ActiveCfg = Release|x86
		{213D44D1-ED64-47D2-9601-9BFB9F4196B2}.AppStore|iPhoneSimulator.Build.0 = Release|x86
		{213D44D1-ED64-47D2-9601-9BFB9F4196B2}.AppStore|iPhoneSimulator.Deploy.0 = Release|x86
		{213D44D1-ED64-47D2-9601-9BFB9F4196B2}.AppStore|x64.ActiveCfg = Release|x64
		{213D44D1-ED64-47D2-9601-9BFB9F4196B2}.AppStore|x64.Build.0 = Release|x64
		{213D44D1-ED64-47D2-9601-9BFB9F4196B2}.AppStore|x64.Deploy.0 = Release|x64
		{213D44D1-ED64-47D2-9601-9BFB9F4196B2}.AppStore|x86.ActiveCfg = Release|x86
		{213D44D1-ED64-47D2-9601-9BFB9F4196B2}.AppStore|x86.Build.0 = Release|x86
		{213D44D1-ED64-47D2-9601-9BFB9F4196B2}.AppStore|x86.Deploy.0 = Release|x86
		{213D44D1-ED64-47D2-9601-9BFB9F4196B2}.Debug|Any CPU.ActiveCfg = Debug|x86
		{213D44D1-ED64-47D2-9601-9BFB9F4196B2}.Debug|ARM.ActiveCfg = Debug|ARM
		{213D44D1-ED64-47D2-9601-9BFB9F4196B2}.Debug|ARM.Build.0 = Debug|ARM
		{213D44D1-ED64-47D2-9601-9BFB9F4196B2}.Debug|ARM.Deploy.0 = Debug|ARM
		{213D44D1-ED64-47D2-9601-9BFB9F4196B2}.Debug|iPhone.ActiveCfg = Debug|x86
		{213D44D1-ED64-47D2-9601-9BFB9F4196B2}.Debug|iPhoneSimulator.ActiveCfg = Debug|x86
		{213D44D1-ED64-47D2-9601-9BFB9F4196B2}.Debug|x64.ActiveCfg = Debug|x64
		{213D44D1-ED64-47D2-9601-9BFB9F4196B2}.Debug|x64.Build.0 = Debug|x64
		{213D44D1-ED64-47D2-9601-9BFB9F4196B2}.Debug|x64.Deploy.0 = Debug|x64
		{213D44D1-ED64-47D2-9601-9BFB9F4196B2}.Debug|x86.ActiveCfg = Debug|x86
		{213D44D1-ED64-47D2-9601-9BFB9F4196B2}.Debug|x86.Build.0 = Debug|x86
		{213D44D1-ED64-47D2-9601-9BFB9F4196B2}.Debug|x86.Deploy.0 = Debug|x86
		{213D44D1-ED64-47D2-9601-9BFB9F4196B2}.Release|Any CPU.ActiveCfg = Release|x86
		{213D44D1-ED64-47D2-9601-9BFB9F4196B2}.Release|ARM.ActiveCfg = Release|ARM
		{213D44D1-ED64-47D2-9601-9BFB9F4196B2}.Release|ARM.Build.0 = Release|ARM
		{213D44D1-ED64-47D2-9601-9BFB9F4196B2}.Release|ARM.Deploy.0 = Release|ARM
		{213D44D1-ED64-47D2-9601-9BFB9F4196B2}.Release|iPhone.ActiveCfg = Release|x86
		{213D44D1-ED64-47D2-9601-9BFB9F4196B2}.Release|iPhoneSimulator.ActiveCfg = Release|x86
		{213D44D1-ED64-47D2-9601-9BFB9F4196B2}.Release|x64.ActiveCfg = Release|x64
		{213D44D1-ED64-47D2-9601-9BFB9F4196B2}.Release|x64.Build.0 = Release|x64
		{213D44D1-ED64-47D2-9601-9BFB9F4196B2}.Release|x64.Deploy.0 = Release|x64
		{213D44D1-ED64-47D2-9601-9BFB9F4196B2}.Release|x86.ActiveCfg = Release|x86
		{213D44D1-ED64-47D2-9601-9BFB9F4196B2}.Release|x86.Build.0 = Release|x86
		{213D44D1-ED64-47D2-9601-9BFB9F4196B2}.Release|x86.Deploy.0 = Release|x86
		{28D6B596-E7BA-412E-9F53-57616CEEDE2E}.Ad-Hoc|Any CPU.ActiveCfg = Ad-Hoc|iPhone
		{28D6B596-E7BA-412E-9F53-57616CEEDE2E}.Ad-Hoc|ARM.ActiveCfg = Ad-Hoc|iPhone
		{28D6B596-E7BA-412E-9F53-57616CEEDE2E}.Ad-Hoc|iPhone.ActiveCfg = Ad-Hoc|iPhone
		{28D6B596-E7BA-412E-9F53-57616CEEDE2E}.Ad-Hoc|iPhone.Build.0 = Ad-Hoc|iPhone
		{28D6B596-E7BA-412E-9F53-57616CEEDE2E}.Ad-Hoc|iPhoneSimulator.ActiveCfg = Ad-Hoc|iPhoneSimulator
		{28D6B596-E7BA-412E-9F53-57616CEEDE2E}.Ad-Hoc|iPhoneSimulator.Build.0 = Ad-Hoc|iPhoneSimulator
		{28D6B596-E7BA-412E-9F53-57616CEEDE2E}.Ad-Hoc|x64.ActiveCfg = Ad-Hoc|iPhone
		{28D6B596-E7BA-412E-9F53-57616CEEDE2E}.Ad-Hoc|x86.ActiveCfg = Ad-Hoc|iPhone
		{28D6B596-E7BA-412E-9F53-57616CEEDE2E}.AppStore|Any CPU.ActiveCfg = AppStore|iPhone
		{28D6B596-E7BA-412E-9F53-57616CEEDE2E}.AppStore|ARM.ActiveCfg = AppStore|iPhone
		{28D6B596-E7BA-412E-9F53-57616CEEDE2E}.AppStore|iPhone.ActiveCfg = AppStore|iPhone
		{28D6B596-E7BA-412E-9F53-57616CEEDE2E}.AppStore|iPhone.Build.0 = AppStore|iPhone
		{28D6B596-E7BA-412E-9F53-57616CEEDE2E}.AppStore|iPhoneSimulator.ActiveCfg = AppStore|iPhoneSimulator
		{28D6B596-E7BA-412E-9F53-57616CEEDE2E}.AppStore|iPhoneSimulator.Build.0 = AppStore|iPhoneSimulator
		{28D6B596-E7BA-412E-9F53-57616CEEDE2E}.AppStore|x64.ActiveCfg = AppStore|iPhone
		{28D6B596-E7BA-412E-9F53-57616CEEDE2E}.AppStore|x86.ActiveCfg = AppStore|iPhone
		{28D6B596-E7BA-412E-9F53-57616CEEDE2E}.Debug|Any CPU.ActiveCfg = Debug|iPhone
		{28D6B596-E7BA-412E-9F53-57616CEEDE2E}.Debug|ARM.ActiveCfg = Debug|iPhone
		{28D6B596-E7BA-412E-9F53-57616CEEDE2E}.Debug|iPhone.ActiveCfg = Debug|iPhone
		{28D6B596-E7BA-412E-9F53-57616CEEDE2E}.Debug|iPhone.Build.0 = Debug|iPhone
		{28D6B596-E7BA-412E-9F53-57616CEEDE2E}.Debug|iPhoneSimulator.ActiveCfg = Debug|iPhoneSimulator
		{28D6B596-E7BA-412E-9F53-57616CEEDE2E}.Debug|iPhoneSimulator.Build.0 = Debug|iPhoneSimulator
		{28D6B596-E7BA-412E-9F53-57616CEEDE2E}.Debug|x64.ActiveCfg = Debug|iPhone
		{28D6B596-E7BA-412E-9F53-57616CEEDE2E}.Debug|x86.ActiveCfg = Debug|iPhone
		{28D6B596-E7BA-412E-9F53-57616CEEDE2E}.Release|Any CPU.ActiveCfg = Release|iPhone
		{28D6B596-E7BA-412E-9F53-57616CEEDE2E}.Release|ARM.ActiveCfg = Release|iPhone
		{28D6B596-E7BA-412E-9F53-57616CEEDE2E}.Release|iPhone.ActiveCfg = Release|iPhone
		{28D6B596-E7BA-412E-9F53-57616CEEDE2E}.Release|iPhone.Build.0 = Release|iPhone
		{28D6B596-E7BA-412E-9F53-57616CEEDE2E}.Release|iPhoneSimulator.ActiveCfg = Release|iPhoneSimulator
		{28D6B596-E7BA-412E-9F53-57616CEEDE2E}.Release|iPhoneSimulator.Build.0 = Release|iPhoneSimulator
		{28D6B596-E7BA-412E-9F53-57616CEEDE2E}.Release|x64.ActiveCfg = Release|iPhone
		{28D6B596-E7BA-412E-9F53-57616CEEDE2E}.Release|x86.ActiveCfg = Release|iPhone
	EndGlobalSection
	GlobalSection(SolutionProperties) = preSolution
		HideSolutionNode = FALSE
	EndGlobalSection
	GlobalSection(ExtensibilityGlobals) = postSolution
		SolutionGuid = {8BCD39DE-FDA7-41A3-8F23-318B9542F193}
	EndGlobalSection
EndGlobal
